
Microsoft Visual Studio Solution File, Format Version 12.00
# Visual Studio 15
VisualStudioVersion = 15.0.27703.2042
MinimumVisualStudioVersion = 10.0.40219.1
Project("{FAE04EC0-301F-11D3-BF4B-00C04F79EFBC}") = "ThirdLessonDP", "ThirdLessonDP\ThirdLessonDP.csproj", "{654F185A-93DF-4501-887F-5FA94F7542BF}"
EndProject
Project("{FAE04EC0-301F-11D3-BF4B-00C04F79EFBC}") = "FacadeTemplate", "FacadeTemplate\FacadeTemplate.csproj", "{0ED3174E-DBA1-4B76-97F3-33D0F580930C}"
EndProject
Project("{FAE04EC0-301F-11D3-BF4B-00C04F79EFBC}") = "DecoratorTemplate", "DecoratorTemplate\DecoratorTemplate.csproj", "{9B0F29A2-66C4-4C83-9C6E-E9F17C401558}"
EndProject
Project("{FAE04EC0-301F-11D3-BF4B-00C04F79EFBC}") = "Decorator", "Decorator\Decorator.csproj", "{7DFAB187-6828-49CE-B702-A2B7BD43C5F4}"
EndProject
Project("{FAE04EC0-301F-11D3-BF4B-00C04F79EFBC}") = "AdapterTemplate", "AdapterTemplate\AdapterTemplate.csproj", "{BE1745F2-D3F9-4A07-B6D0-C81483482F59}"
EndProject
Project("{FAE04EC0-301F-11D3-BF4B-00C04F79EFBC}") = "Adapter", "Adapter\Adapter.csproj", "{966B9CA2-723F-45F6-B830-8E5A281F8144}"
EndProject
Project("{FAE04EC0-301F-11D3-BF4B-00C04F79EFBC}") = "ProxyTemplate", "ProxyTemplate\ProxyTemplate.csproj", "{8E789EB5-E35E-4C54-A25C-259571DBCA14}"
EndProject
Project("{FAE04EC0-301F-11D3-BF4B-00C04F79EFBC}") = "Proxy", "Proxy\Proxy.csproj", "{BFA5119C-1583-4943-9DB0-C32276826FE6}"
EndProject
Global
	GlobalSection(SolutionConfigurationPlatforms) = preSolution
		Debug|Any CPU = Debug|Any CPU
		Release|Any CPU = Release|Any CPU
	EndGlobalSection
	GlobalSection(ProjectConfigurationPlatforms) = postSolution
		{654F185A-93DF-4501-887F-5FA94F7542BF}.Debug|Any CPU.ActiveCfg = Debug|Any CPU
		{654F185A-93DF-4501-887F-5FA94F7542BF}.Debug|Any CPU.Build.0 = Debug|Any CPU
		{654F185A-93DF-4501-887F-5FA94F7542BF}.Release|Any CPU.ActiveCfg = Release|Any CPU
		{654F185A-93DF-4501-887F-5FA94F7542BF}.Release|Any CPU.Build.0 = Release|Any CPU
		{0ED3174E-DBA1-4B76-97F3-33D0F580930C}.Debug|Any CPU.ActiveCfg = Debug|Any CPU
		{0ED3174E-DBA1-4B76-97F3-33D0F580930C}.Debug|Any CPU.Build.0 = Debug|Any CPU
		{0ED3174E-DBA1-4B76-97F3-33D0F580930C}.Release|Any CPU.ActiveCfg = Release|Any CPU
		{0ED3174E-DBA1-4B76-97F3-33D0F580930C}.Release|Any CPU.Build.0 = Release|Any CPU
		{9B0F29A2-66C4-4C83-9C6E-E9F17C401558}.Debug|Any CPU.ActiveCfg = Debug|Any CPU
		{9B0F29A2-66C4-4C83-9C6E-E9F17C401558}.Debug|Any CPU.Build.0 = Debug|Any CPU
		{9B0F29A2-66C4-4C83-9C6E-E9F17C401558}.Release|Any CPU.ActiveCfg = Release|Any CPU
		{9B0F29A2-66C4-4C83-9C6E-E9F17C401558}.Release|Any CPU.Build.0 = Release|Any CPU
		{7DFAB187-6828-49CE-B702-A2B7BD43C5F4}.Debug|Any CPU.ActiveCfg = Debug|Any CPU
		{7DFAB187-6828-49CE-B702-A2B7BD43C5F4}.Debug|Any CPU.Build.0 = Debug|Any CPU
		{7DFAB187-6828-49CE-B702-A2B7BD43C5F4}.Release|Any CPU.ActiveCfg = Release|Any CPU
		{7DFAB187-6828-49CE-B702-A2B7BD43C5F4}.Release|Any CPU.Build.0 = Release|Any CPU
		{BE1745F2-D3F9-4A07-B6D0-C81483482F59}.Debug|Any CPU.ActiveCfg = Debug|Any CPU
		{BE1745F2-D3F9-4A07-B6D0-C81483482F59}.Debug|Any CPU.Build.0 = Debug|Any CPU
		{BE1745F2-D3F9-4A07-B6D0-C81483482F59}.Release|Any CPU.ActiveCfg = Release|Any CPU
		{BE1745F2-D3F9-4A07-B6D0-C81483482F59}.Release|Any CPU.Build.0 = Release|Any CPU
		{966B9CA2-723F-45F6-B830-8E5A281F8144}.Debug|Any CPU.ActiveCfg = Debug|Any CPU
		{966B9CA2-723F-45F6-B830-8E5A281F8144}.Debug|Any CPU.Build.0 = Debug|Any CPU
		{966B9CA2-723F-45F6-B830-8E5A281F8144}.Release|Any CPU.ActiveCfg = Release|Any CPU
		{966B9CA2-723F-45F6-B830-8E5A281F8144}.Release|Any CPU.Build.0 = Release|Any CPU
		{8E789EB5-E35E-4C54-A25C-259571DBCA14}.Debug|Any CPU.ActiveCfg = Debug|Any CPU
		{8E789EB5-E35E-4C54-A25C-259571DBCA14}.Debug|Any CPU.Build.0 = Debug|Any CPU
		{8E789EB5-E35E-4C54-A25C-259571DBCA14}.Release|Any CPU.ActiveCfg = Release|Any CPU
		{8E789EB5-E35E-4C54-A25C-259571DBCA14}.Release|Any CPU.Build.0 = Release|Any CPU
		{BFA5119C-1583-4943-9DB0-C32276826FE6}.Debug|Any CPU.ActiveCfg = Debug|Any CPU
		{BFA5119C-1583-4943-9DB0-C32276826FE6}.Debug|Any CPU.Build.0 = Debug|Any CPU
		{BFA5119C-1583-4943-9DB0-C32276826FE6}.Release|Any CPU.ActiveCfg = Release|Any CPU
		{BFA5119C-1583-4943-9DB0-C32276826FE6}.Release|Any CPU.Build.0 = Release|Any CPU
	EndGlobalSection
	GlobalSection(SolutionProperties) = preSolution
		HideSolutionNode = FALSE
	EndGlobalSection
	GlobalSection(ExtensibilityGlobals) = postSolution
		SolutionGuid = {189D5665-755C-44AE-A9F3-E5FD4FD38726}
	EndGlobalSection
EndGlobal
